// !$*UTF8*$!
{
	archiveVersion = 1;
	classes = {
	};
	objectVersion = 56;
	objects = {

/* Begin PBXBuildFile section */
		A001 /* PersonalSignatureApp.swift in Sources */ = {isa = PBXBuildFile; fileRef = F001; };
		A002 /* AppDelegate.swift in Sources */ = {isa = PBXBuildFile; fileRef = F002; };
		A003 /* SignatureManager.swift in Sources */ = {isa = PBXBuildFile; fileRef = F003; };
		A004 /* MenuBarView.swift in Sources */ = {isa = PBXBuildFile; fileRef = F004; };
		A005 /* Components.swift in Sources */ = {isa = PBXBuildFile; fileRef = F005; };
		A006 /* EventMonitor.swift in Sources */ = {isa = PBXBuildFile; fileRef = F006; };
		A007 /* Assets.xcassets in Resources */ = {isa = PBXBuildFile; fileRef = F008; };
		/* Test target sources */
		B001 /* SignatureManagerTests.swift in Sources */ = {isa = PBXBuildFile; fileRef = F010; };
		/* Test target links main app */
		B002 /* PersonalSignature.app in Frameworks */ = {isa = PBXBuildFile; fileRef = F000; };
/* End PBXBuildFile section */

/* Begin PBXFileReference section */
		F000 /* PersonalSignature.app */ = {isa = PBXFileReference; explicitFileType = wrapper.application; includeInIndex = 0; path = "Personal Signature.app"; sourceTree = BUILT_PRODUCTS_DIR; };
		F001 /* PersonalSignatureApp.swift */ = {isa = PBXFileReference; lastKnownFileType = sourcecode.swift; path = PersonalSignatureApp.swift; sourceTree = "<group>"; };
		F002 /* AppDelegate.swift */ = {isa = PBXFileReference; lastKnownFileType = sourcecode.swift; path = AppDelegate.swift; sourceTree = "<group>"; };
		F003 /* SignatureManager.swift */ = {isa = PBXFileReference; lastKnownFileType = sourcecode.swift; path = SignatureManager.swift; sourceTree = "<group>"; };
		F004 /* MenuBarView.swift */ = {isa = PBXFileReference; lastKnownFileType = sourcecode.swift; path = MenuBarView.swift; sourceTree = "<group>"; };
		F005 /* Components.swift */ = {isa = PBXFileReference; lastKnownFileType = sourcecode.swift; path = Components.swift; sourceTree = "<group>"; };
		F006 /* EventMonitor.swift */ = {isa = PBXFileReference; lastKnownFileType = sourcecode.swift; path = EventMonitor.swift; sourceTree = "<group>"; };
		F007 /* Info.plist */ = {isa = PBXFileReference; lastKnownFileType = text.plist.xml; path = Info.plist; sourceTree = "<group>"; };
		F008 /* Assets.xcassets */ = {isa = PBXFileReference; lastKnownFileType = folder.assetcatalog; path = Assets.xcassets; sourceTree = "<group>"; };
		F009 /* PersonalSignature.entitlements */ = {isa = PBXFileReference; lastKnownFileType = text.plist.entitlements; path = PersonalSignature.entitlements; sourceTree = "<group>"; };
		/* Test references */
		F010 /* SignatureManagerTests.swift */ = {isa = PBXFileReference; lastKnownFileType = sourcecode.swift; path = SignatureManagerTests.swift; sourceTree = "<group>"; };
		F011 /* PersonalSignatureTests.xctest */ = {isa = PBXFileReference; explicitFileType = wrapper.cfbundle; includeInIndex = 0; path = PersonalSignatureTests.xctest; sourceTree = BUILT_PRODUCTS_DIR; };
/* End PBXFileReference section */

/* Begin PBXFrameworksBuildPhase section */
		E001 /* Frameworks (main) */ = {
			isa = PBXFrameworksBuildPhase;
			buildActionMask = 2147483647;
			files = ();
			runOnlyForDeploymentPostprocessing = 0;
		};
		E002 /* Frameworks (tests) */ = {
			isa = PBXFrameworksBuildPhase;
			buildActionMask = 2147483647;
			files = ();
			runOnlyForDeploymentPostprocessing = 0;
		};
/* End PBXFrameworksBuildPhase section */

/* Begin PBXGroup section */
		G000 /* root */ = {
			isa = PBXGroup;
			children = (
				G001 /* PersonalSignature */,
				G007 /* PersonalSignatureTests */,
				G009 /* Products */,
			);
			sourceTree = "<group>";
		};
		G001 /* PersonalSignature */ = {
			isa = PBXGroup;
			children = (
				G002 /* App */,
				G003 /* Models */,
				G004 /* Views */,
				G005 /* Utilities */,
				G006 /* Resources */,
				F009 /* PersonalSignature.entitlements */,
			);
			path = PersonalSignature;
			sourceTree = "<group>";
		};
		G002 /* App */ = {
			isa = PBXGroup;
			children = (
				F001 /* PersonalSignatureApp.swift */,
				F002 /* AppDelegate.swift */,
			);
			path = App;
			sourceTree = "<group>";
		};
		G003 /* Models */ = {
			isa = PBXGroup;
			children = (F003);
			path = Models;
			sourceTree = "<group>";
		};
		G004 /* Views */ = {
			isa = PBXGroup;
			children = (F004, F005);
			path = Views;
			sourceTree = "<group>";
		};
		G005 /* Utilities */ = {
			isa = PBXGroup;
			children = (F006);
			path = Utilities;
			sourceTree = "<group>";
		};
		G006 /* Resources */ = {
			isa = PBXGroup;
			children = (F007, F008);
			path = Resources;
			sourceTree = "<group>";
		};
		G007 /* PersonalSignatureTests */ = {
			isa = PBXGroup;
			children = (F010);
			path = PersonalSignatureTests;
			sourceTree = "<group>";
		};
		G009 /* Products */ = {
			isa = PBXGroup;
			children = (F000, F011);
			name = Products;
			sourceTree = "<group>";
		};
/* End PBXGroup section */

/* Begin PBXNativeTarget section */
		T000 /* PersonalSignature */ = {
			isa = PBXNativeTarget;
			buildConfigurationList = XCB000;
			buildPhases = (P001, E001, P003);
			buildRules = ();
			dependencies = ();
			name = PersonalSignature;
			productName = PersonalSignature;
			productReference = F000;
			productType = "com.apple.product-type.application";
		};
		T001 /* PersonalSignatureTests */ = {
			isa = PBXNativeTarget;
			buildConfigurationList = XCB002;
			buildPhases = (P004, E002);
			buildRules = ();
			dependencies = (TD001);
			name = PersonalSignatureTests;
			productName = PersonalSignatureTests;
			productReference = F011;
			productType = "com.apple.product-type.bundle.unit-test";
		};
/* End PBXNativeTarget section */

/* Begin PBXTargetDependency section */
		TD001 = {
			isa = PBXTargetDependency;
			target = T000;
		};
/* End PBXTargetDependency section */

/* Begin PBXProject section */
		PROJ000 /* Project object */ = {
			isa = PBXProject;
			attributes = {
				BuildIndependentTargetsInParallel = 1;
				LastSwiftUpdateCheck = 1500;
				LastUpgradeCheck = 1500;
				TargetAttributes = {
					T000 = { CreatedOnToolsVersion = 15.0; };
					T001 = { CreatedOnToolsVersion = 15.0; TestTargetID = T000; };
				};
			};
			buildConfigurationList = XCB001;
			compatibilityVersion = "Xcode 14.0";
			developmentRegion = en;
			hasScannedForEncodings = 0;
			knownRegions = (en, Base);
			mainGroup = G000;
			productRefGroup = G009;
			projectDirPath = "";
			projectRoot = "";
			targets = (T000, T001);
		};
/* End PBXProject section */

/* Begin PBXResourcesBuildPhase section */
		P003 /* Resources */ = {
			isa = PBXResourcesBuildPhase;
			buildActionMask = 2147483647;
			files = (A007);
			runOnlyForDeploymentPostprocessing = 0;
		};
/* End PBXResourcesBuildPhase section */

/* Begin PBXSourcesBuildPhase section */
		P001 /* Sources (main) */ = {
			isa = PBXSourcesBuildPhase;
			buildActionMask = 2147483647;
			files = (A001, A002, A003, A004, A005, A006);
			runOnlyForDeploymentPostprocessing = 0;
		};
		P004 /* Sources (tests) */ = {
			isa = PBXSourcesBuildPhase;
			buildActionMask = 2147483647;
			files = (B001);
			runOnlyForDeploymentPostprocessing = 0;
		};
/* End PBXSourcesBuildPhase section */

/* Begin XCBuildConfiguration section */
		XCC001 /* Debug (project) */ = {
			isa = XCBuildConfiguration;
			buildSettings = {
				ALWAYS_SEARCH_USER_PATHS = NO;
				CLANG_ANALYZER_NONNULL = YES;
				CLANG_ANALYZER_NUMBER_OBJECT_CONVERSION = YES_AGGRESSIVE;
				CLANG_CXX_LANGUAGE_STANDARD = "gnu++20";
				CLANG_ENABLE_MODULES = YES;
				CLANG_ENABLE_OBJC_ARC = YES;
				CLANG_ENABLE_OBJC_WEAK = YES;
				CLANG_WARN_BLOCK_CAPTURE_AUTORELEASING = YES;
				CLANG_WARN_BOOL_CONVERSION = YES;
				CLANG_WARN_COMMA = YES;
				CLANG_WARN_CONSTANT_CONVERSION = YES;
				CLANG_WARN_DEPRECATED_OBJC_IMPLEMENTATIONS = YES;
				CLANG_WARN_DIRECT_OBJC_ISA_USAGE = YES_ERROR;
				CLANG_WARN_DOCUMENTATION_COMMENTS = YES;
				CLANG_WARN_EMPTY_BODY = YES;
				CLANG_WARN_ENUM_CONVERSION = YES;
				CLANG_WARN_INFINITE_RECURSION = YES;
				CLANG_WARN_INT_CONVERSION = YES;
				CLANG_WARN_NON_LITERAL_NULL_CONVERSION = YES;
				CLANG_WARN_OBJC_IMPLICIT_RETAIN_SELF = YES;
				CLANG_WARN_OBJC_LITERAL_CONVERSION = YES;
				CLANG_WARN_OBJC_ROOT_CLASS = YES_ERROR;
				CLANG_WARN_RANGE_LOOP_ANALYSIS = YES;
				CLANG_WARN_STRICT_PROTOTYPES = YES;
				CLANG_WARN_SUSPICIOUS_MOVE = YES;
				CLANG_WARN_UNGUARDED_AVAILABILITY = YES_AGGRESSIVE;
				CLANG_WARN_UNREACHABLE_CODE = YES;
				CLANG_WARN__DUPLICATE_METHOD_MATCH = YES;
				COPY_PHASE_STRIP = NO;
				DEBUG_INFORMATION_FORMAT = dwarf;
				ENABLE_STRICT_OBJC_MSGSEND = YES;
				ENABLE_TESTABILITY = YES;
				GCC_C_LANGUAGE_STANDARD = gnu17;
				GCC_DYNAMIC_NO_PIC = NO;
				GCC_NO_COMMON_BLOCKS = YES;
				GCC_OPTIMIZATION_LEVEL = 0;
				GCC_PREPROCESSOR_DEFINITIONS = ("DEBUG=1", "$(inherited)");
				GCC_WARN_64_TO_32_BIT_CONVERSION = YES;
				GCC_WARN_ABOUT_RETURN_TYPE = YES_ERROR;
				GCC_WARN_UNDECLARED_SELECTOR = YES;
				GCC_WARN_UNINITIALIZED_AUTOS = YES_AGGRESSIVE;
				GCC_WARN_UNUSED_FUNCTION = YES;
				GCC_WARN_UNUSED_VARIABLE = YES;
				MACOSX_DEPLOYMENT_TARGET = 13.0;
				MTL_ENABLE_DEBUG_INFO = INCLUDE_SOURCE;
				MTL_FAST_MATH = YES;
				ONLY_ACTIVE_ARCH = YES;
				SDKROOT = macosx;
				SWIFT_ACTIVE_COMPILATION_CONDITIONS = DEBUG;
				SWIFT_OPTIMIZATION_LEVEL = "-Onone";
			};
			name = Debug;
		};
		XCC002 /* Release (project) */ = {
			isa = XCBuildConfiguration;
			buildSettings = {
				ALWAYS_SEARCH_USER_PATHS = NO;
				CLANG_ANALYZER_NONNULL = YES;
				CLANG_ANALYZER_NUMBER_OBJECT_CONVERSION = YES_AGGRESSIVE;
				CLANG_CXX_LANGUAGE_STANDARD = "gnu++20";
				CLANG_ENABLE_MODULES = YES;
				CLANG_ENABLE_OBJC_ARC = YES;
				CLANG_ENABLE_OBJC_WEAK = YES;
				COPY_PHASE_STRIP = NO;
				DEBUG_INFORMATION_FORMAT = "dwarf-with-dsym";
				ENABLE_NS_ASSERTIONS = NO;
				ENABLE_STRICT_OBJC_MSGSEND = YES;
				GCC_C_LANGUAGE_STANDARD = gnu17;
				GCC_NO_COMMON_BLOCKS = YES;
				GCC_WARN_64_TO_32_BIT_CONVERSION = YES;
				GCC_WARN_ABOUT_RETURN_TYPE = YES_ERROR;
				GCC_WARN_UNDECLARED_SELECTOR = YES;
				GCC_WARN_UNINITIALIZED_AUTOS = YES_AGGRESSIVE;
				GCC_WARN_UNUSED_FUNCTION = YES;
				GCC_WARN_UNUSED_VARIABLE = YES;
				MACOSX_DEPLOYMENT_TARGET = 13.0;
				MTL_FAST_MATH = YES;
				SDKROOT = macosx;
				SWIFT_COMPILATION_MODE = wholemodule;
				SWIFT_OPTIMIZATION_LEVEL = "-O";
			};
			name = Release;
		};
		XCC003 /* Debug (app target) */ = {
			isa = XCBuildConfiguration;
			buildSettings = {
				ASSETCATALOG_COMPILER_APPICON_NAME = AppIcon;
				ASSETCATALOG_COMPILER_GLOBAL_ACCENT_COLOR_NAME = AccentColor;
				CODE_SIGN_ENTITLEMENTS = PersonalSignature/PersonalSignature.entitlements;
				CODE_SIGN_STYLE = Automatic;
				COMBINE_HIDPI_IMAGES = YES;
				CURRENT_PROJECT_VERSION = 1;
				GENERATE_INFOPLIST_FILE = NO;
				INFOPLIST_FILE = PersonalSignature/Resources/Info.plist;
				INFOPLIST_KEY_NSHumanReadableCopyright = "Copyright © 2024 Personal Signature Contributors. MIT License.";
				LD_RUNPATH_SEARCH_PATHS = ("$(inherited)", "@executable_path/../Frameworks");
				MARKETING_VERSION = 1.2.0;
				PRODUCT_BUNDLE_IDENTIFIER = com.personalsignature.app;
				PRODUCT_NAME = "Personal Signature";
				SWIFT_EMIT_LOC_STRINGS = YES;
				SWIFT_VERSION = 5.9;
			};
			name = Debug;
		};
		XCC004 /* Release (app target) */ = {
			isa = XCBuildConfiguration;
			buildSettings = {
				ASSETCATALOG_COMPILER_APPICON_NAME = AppIcon;
				ASSETCATALOG_COMPILER_GLOBAL_ACCENT_COLOR_NAME = AccentColor;
				CODE_SIGN_ENTITLEMENTS = PersonalSignature/PersonalSignature.entitlements;
				CODE_SIGN_STYLE = Automatic;
				COMBINE_HIDPI_IMAGES = YES;
				CURRENT_PROJECT_VERSION = 1;
				GENERATE_INFOPLIST_FILE = NO;
				INFOPLIST_FILE = PersonalSignature/Resources/Info.plist;
				INFOPLIST_KEY_NSHumanReadableCopyright = "Copyright © 2024 Personal Signature Contributors. MIT License.";
				LD_RUNPATH_SEARCH_PATHS = ("$(inherited)", "@executable_path/../Frameworks");
				MARKETING_VERSION = 1.2.0;
				PRODUCT_BUNDLE_IDENTIFIER = com.personalsignature.app;
				PRODUCT_NAME = "Personal Signature";
				SWIFT_EMIT_LOC_STRINGS = YES;
				SWIFT_VERSION = 5.9;
			};
			name = Release;
		};
		XCC005 /* Debug (test target) */ = {
			isa = XCBuildConfiguration;
			buildSettings = {
				BUNDLE_LOADER = "$(TEST_HOST)";
				CODE_SIGN_STYLE = Automatic;
				CURRENT_PROJECT_VERSION = 1;
				GENERATE_INFOPLIST_FILE = YES;
				MACOSX_DEPLOYMENT_TARGET = 13.0;
				MARKETING_VERSION = 1.2.0;
				PRODUCT_BUNDLE_IDENTIFIER = com.personalsignature.app.tests;
				PRODUCT_NAME = PersonalSignatureTests;
				SDKROOT = macosx;
				SWIFT_VERSION = 5.9;
				TEST_HOST = "$(BUILT_PRODUCTS_DIR)/Personal Signature.app/Contents/MacOS/Personal Signature";
			};
			name = Debug;
		};
		XCC006 /* Release (test target) */ = {
			isa = XCBuildConfiguration;
			buildSettings = {
				BUNDLE_LOADER = "$(TEST_HOST)";
				CODE_SIGN_STYLE = Automatic;
				CURRENT_PROJECT_VERSION = 1;
				GENERATE_INFOPLIST_FILE = YES;
				MACOSX_DEPLOYMENT_TARGET = 13.0;
				MARKETING_VERSION = 1.2.0;
				PRODUCT_BUNDLE_IDENTIFIER = com.personalsignature.app.tests;
				PRODUCT_NAME = PersonalSignatureTests;
				SDKROOT = macosx;
				SWIFT_VERSION = 5.9;
				TEST_HOST = "$(BUILT_PRODUCTS_DIR)/Personal Signature.app/Contents/MacOS/Personal Signature";
			};
			name = Release;
		};
/* End XCBuildConfiguration section */

/* Begin XCConfigurationList section */
		XCB000 /* Build configuration list for PBXNativeTarget "PersonalSignature" */ = {
			isa = XCConfigurationList;
			buildConfigurations = (XCC003, XCC004);
			defaultConfigurationIsVisible = 0;
			defaultConfigurationName = Release;
		};
		XCB001 /* Build configuration list for PBXProject "PersonalSignature" */ = {
			isa = XCConfigurationList;
			buildConfigurations = (XCC001, XCC002);
			defaultConfigurationIsVisible = 0;
			defaultConfigurationName = Release;
		};
		XCB002 /* Build configuration list for PBXNativeTarget "PersonalSignatureTests" */ = {
			isa = XCConfigurationList;
			buildConfigurations = (XCC005, XCC006);
			defaultConfigurationIsVisible = 0;
			defaultConfigurationName = Release;
		};
/* End XCConfigurationList section */

	};
	rootObject = PROJ000 /* Project object */;
}
