// !$*UTF8*$!
{
	archiveVersion = 1;
	classes = {
	};
	objectVersion = 56;
	objects = {

/* Begin PBXBuildFile section */
		1120A2BBD5F5CDEF342B0263 /* GlobalShortcutManager.swift in Sources */ = {isa = PBXBuildFile; fileRef = C4636EB3E58AA004A68B3DE2 /* GlobalShortcutManager.swift */; };
		A008 /* E2EMode.swift in Sources */ = {isa = PBXBuildFile; fileRef = F012 /* E2EMode.swift */; };
		B002 /* E2ETestFixture.swift in Sources */ = {isa = PBXBuildFile; fileRef = F013 /* E2ETestFixture.swift */; };
		B003 /* MenuBarE2ETests.swift in Sources */ = {isa = PBXBuildFile; fileRef = F014 /* MenuBarE2ETests.swift */; };
		1331B8C6458D4593AD8B54F3 /* EmptyStateView.swift in Sources */ = {isa = PBXBuildFile; fileRef = 43484E7F379C374B0B69DF15 /* EmptyStateView.swift */; };
		171BB0EA90A4FC55C5FD3537 /* ImageEditorView.swift in Sources */ = {isa = PBXBuildFile; fileRef = 2C7628AF5738F410268B6B01 /* ImageEditorView.swift */; };
		472D05B59AD328CEBC0EC3E0 /* FooterView.swift in Sources */ = {isa = PBXBuildFile; fileRef = 39AA7F404CE26C6EFA1DED02 /* FooterView.swift */; };
		6BAE60826E8D53E01F415ADE /* ImageProcessorTests.swift in Sources */ = {isa = PBXBuildFile; fileRef = D95262DBEF0D230B8D9EEEE7 /* ImageProcessorTests.swift */; };
		7E0E2D3B436FF382F391C3D1 /* AboutView.swift in Sources */ = {isa = PBXBuildFile; fileRef = F87D7B490E82F4CBEFB0C5D3 /* AboutView.swift */; };
		851DCEFE56EBE19AA75F5C54 /* HeaderView.swift in Sources */ = {isa = PBXBuildFile; fileRef = 2679ED8624C7A36115C89115 /* HeaderView.swift */; };
		A001 /* PontenApp.swift in Sources */ = {isa = PBXBuildFile; fileRef = F001 /* PontenApp.swift */; };
		A002 /* AppDelegate.swift in Sources */ = {isa = PBXBuildFile; fileRef = F002 /* AppDelegate.swift */; };
		A003 /* SignatureManager.swift in Sources */ = {isa = PBXBuildFile; fileRef = F003 /* SignatureManager.swift */; };
		A004 /* MenuBarView.swift in Sources */ = {isa = PBXBuildFile; fileRef = F004 /* MenuBarView.swift */; };
		A005 /* Components.swift in Sources */ = {isa = PBXBuildFile; fileRef = F005 /* Components.swift */; };
		A006 /* EventMonitor.swift in Sources */ = {isa = PBXBuildFile; fileRef = F006 /* EventMonitor.swift */; };
		A007 /* Assets.xcassets in Resources */ = {isa = PBXBuildFile; fileRef = F008 /* Assets.xcassets */; };
		B001 /* SignatureManagerTests.swift in Sources */ = {isa = PBXBuildFile; fileRef = F010 /* SignatureManagerTests.swift */; };
		C1D6B0461FDDF1E5F9E1EDB1 /* ImageProcessor.swift in Sources */ = {isa = PBXBuildFile; fileRef = 0D71898F773ACC800CD5B077 /* ImageProcessor.swift */; };
		C5E489EB5810162538BA0D6C /* SignatureStore.swift in Sources */ = {isa = PBXBuildFile; fileRef = DF4B16AFA79F617EF93C299C /* SignatureStore.swift */; };
		D5EDA8B94534507A56EAE3CF /* SignatureActiveView.swift in Sources */ = {isa = PBXBuildFile; fileRef = FD90A77DDFA4B3C1D9AD3B0C /* SignatureActiveView.swift */; };
		DDCAFC6F19059A9BEDA211D3 /* DrawingView.swift in Sources */ = {isa = PBXBuildFile; fileRef = C80F754AF0AA1DECA02DF29D /* DrawingView.swift */; };
/* End PBXBuildFile section */

/* Begin PBXFileReference section */
		0D71898F773ACC800CD5B077 /* ImageProcessor.swift */ = {isa = PBXFileReference; includeInIndex = 1; lastKnownFileType = sourcecode.swift; path = ImageProcessor.swift; sourceTree = "<group>"; };
		2679ED8624C7A36115C89115 /* HeaderView.swift */ = {isa = PBXFileReference; includeInIndex = 1; lastKnownFileType = sourcecode.swift; path = HeaderView.swift; sourceTree = "<group>"; };
		2C7628AF5738F410268B6B01 /* ImageEditorView.swift */ = {isa = PBXFileReference; includeInIndex = 1; lastKnownFileType = sourcecode.swift; path = ImageEditorView.swift; sourceTree = "<group>"; };
		39AA7F404CE26C6EFA1DED02 /* FooterView.swift */ = {isa = PBXFileReference; includeInIndex = 1; lastKnownFileType = sourcecode.swift; path = FooterView.swift; sourceTree = "<group>"; };
		43484E7F379C374B0B69DF15 /* EmptyStateView.swift */ = {isa = PBXFileReference; includeInIndex = 1; lastKnownFileType = sourcecode.swift; path = EmptyStateView.swift; sourceTree = "<group>"; };
		C4636EB3E58AA004A68B3DE2 /* GlobalShortcutManager.swift */ = {isa = PBXFileReference; includeInIndex = 1; lastKnownFileType = sourcecode.swift; path = GlobalShortcutManager.swift; sourceTree = "<group>"; };
		C80F754AF0AA1DECA02DF29D /* DrawingView.swift */ = {isa = PBXFileReference; includeInIndex = 1; lastKnownFileType = sourcecode.swift; path = DrawingView.swift; sourceTree = "<group>"; };
		D95262DBEF0D230B8D9EEEE7 /* ImageProcessorTests.swift */ = {isa = PBXFileReference; includeInIndex = 1; lastKnownFileType = sourcecode.swift; path = ImageProcessorTests.swift; sourceTree = "<group>"; };
		DF4B16AFA79F617EF93C299C /* SignatureStore.swift */ = {isa = PBXFileReference; includeInIndex = 1; lastKnownFileType = sourcecode.swift; path = SignatureStore.swift; sourceTree = "<group>"; };
		F000 /* Ponten.app */ = {isa = PBXFileReference; explicitFileType = wrapper.application; includeInIndex = 0; path = Ponten.app; sourceTree = BUILT_PRODUCTS_DIR; };
		F001 /* PontenApp.swift */ = {isa = PBXFileReference; lastKnownFileType = sourcecode.swift; path = PontenApp.swift; sourceTree = "<group>"; };
		F002 /* AppDelegate.swift */ = {isa = PBXFileReference; lastKnownFileType = sourcecode.swift; path = AppDelegate.swift; sourceTree = "<group>"; };
		F003 /* SignatureManager.swift */ = {isa = PBXFileReference; lastKnownFileType = sourcecode.swift; path = SignatureManager.swift; sourceTree = "<group>"; };
		F004 /* MenuBarView.swift */ = {isa = PBXFileReference; lastKnownFileType = sourcecode.swift; path = MenuBarView.swift; sourceTree = "<group>"; };
		F005 /* Components.swift */ = {isa = PBXFileReference; lastKnownFileType = sourcecode.swift; path = Components.swift; sourceTree = "<group>"; };
		F006 /* EventMonitor.swift */ = {isa = PBXFileReference; lastKnownFileType = sourcecode.swift; path = EventMonitor.swift; sourceTree = "<group>"; };
		F007 /* Info.plist */ = {isa = PBXFileReference; lastKnownFileType = text.plist.xml; path = Info.plist; sourceTree = "<group>"; };
		F008 /* Assets.xcassets */ = {isa = PBXFileReference; lastKnownFileType = folder.assetcatalog; path = Assets.xcassets; sourceTree = "<group>"; };
		F009 /* Ponten.entitlements */ = {isa = PBXFileReference; lastKnownFileType = text.plist.entitlements; path = Ponten.entitlements; sourceTree = "<group>"; };
		F010 /* SignatureManagerTests.swift */ = {isa = PBXFileReference; lastKnownFileType = sourcecode.swift; path = SignatureManagerTests.swift; sourceTree = "<group>"; };
		F011 /* PontenTests.xctest */ = {isa = PBXFileReference; explicitFileType = wrapper.cfbundle; includeInIndex = 0; path = PontenTests.xctest; sourceTree = BUILT_PRODUCTS_DIR; };
		F012 /* E2EMode.swift */ = {isa = PBXFileReference; includeInIndex = 1; lastKnownFileType = sourcecode.swift; path = E2EMode.swift; sourceTree = "<group>"; };
		F013 /* E2ETestFixture.swift */ = {isa = PBXFileReference; includeInIndex = 1; lastKnownFileType = sourcecode.swift; path = E2ETestFixture.swift; sourceTree = "<group>"; };
		F014 /* MenuBarE2ETests.swift */ = {isa = PBXFileReference; includeInIndex = 1; lastKnownFileType = sourcecode.swift; path = MenuBarE2ETests.swift; sourceTree = "<group>"; };
		F015 /* PontenE2ETests.xctest */ = {isa = PBXFileReference; explicitFileType = wrapper.cfbundle; includeInIndex = 0; path = PontenE2ETests.xctest; sourceTree = BUILT_PRODUCTS_DIR; };
		F87D7B490E82F4CBEFB0C5D3 /* AboutView.swift */ = {isa = PBXFileReference; includeInIndex = 1; lastKnownFileType = sourcecode.swift; path = AboutView.swift; sourceTree = "<group>"; };
		FD90A77DDFA4B3C1D9AD3B0C /* SignatureActiveView.swift */ = {isa = PBXFileReference; includeInIndex = 1; lastKnownFileType = sourcecode.swift; path = SignatureActiveView.swift; sourceTree = "<group>"; };
/* End PBXFileReference section */

/* Begin PBXFrameworksBuildPhase section */
		E001 /* Frameworks */ = {
			isa = PBXFrameworksBuildPhase;
			buildActionMask = 2147483647;
			files = (
			);
			runOnlyForDeploymentPostprocessing = 0;
		};
		E002 /* Frameworks */ = {
			isa = PBXFrameworksBuildPhase;
			buildActionMask = 2147483647;
			files = (
			);
			runOnlyForDeploymentPostprocessing = 0;
		};
		E003 /* Frameworks */ = {
			isa = PBXFrameworksBuildPhase;
			buildActionMask = 2147483647;
			files = (
			);
			runOnlyForDeploymentPostprocessing = 0;
		};
/* End PBXFrameworksBuildPhase section */

/* Begin PBXGroup section */
		G000 = {
			isa = PBXGroup;
			children = (
				G001 /* Ponten */,
				G007 /* PontenTests */,
				G008 /* PontenE2ETests */,
				G009 /* Products */,
			);
			sourceTree = "<group>";
		};
		G001 /* Ponten */ = {
			isa = PBXGroup;
			children = (
				G002 /* App */,
				G003 /* Models */,
				G004 /* Views */,
				G005 /* Utilities */,
				G006 /* Resources */,
				F009 /* Ponten.entitlements */,
			);
			path = Ponten;
			sourceTree = "<group>";
		};
		G002 /* App */ = {
			isa = PBXGroup;
			children = (
				F001 /* PontenApp.swift */,
				F002 /* AppDelegate.swift */,
			);
			path = App;
			sourceTree = "<group>";
		};
		G003 /* Models */ = {
			isa = PBXGroup;
			children = (
				F003 /* SignatureManager.swift */,
				0D71898F773ACC800CD5B077 /* ImageProcessor.swift */,
				DF4B16AFA79F617EF93C299C /* SignatureStore.swift */,
			);
			path = Models;
			sourceTree = "<group>";
		};
		G004 /* Views */ = {
			isa = PBXGroup;
			children = (
				F004 /* MenuBarView.swift */,
				F005 /* Components.swift */,
				F87D7B490E82F4CBEFB0C5D3 /* AboutView.swift */,
				39AA7F404CE26C6EFA1DED02 /* FooterView.swift */,
				C80F754AF0AA1DECA02DF29D /* DrawingView.swift */,
				2679ED8624C7A36115C89115 /* HeaderView.swift */,
				43484E7F379C374B0B69DF15 /* EmptyStateView.swift */,
				FD90A77DDFA4B3C1D9AD3B0C /* SignatureActiveView.swift */,
				2C7628AF5738F410268B6B01 /* ImageEditorView.swift */,
			);
			path = Views;
			sourceTree = "<group>";
		};
		G005 /* Utilities */ = {
			isa = PBXGroup;
			children = (
				F006 /* EventMonitor.swift */,
				C4636EB3E58AA004A68B3DE2 /* GlobalShortcutManager.swift */,
				F012 /* E2EMode.swift */,
			);
			path = Utilities;
			sourceTree = "<group>";
		};
		G006 /* Resources */ = {
			isa = PBXGroup;
			children = (
				F007 /* Info.plist */,
				F008 /* Assets.xcassets */,
			);
			path = Resources;
			sourceTree = "<group>";
		};
		G007 /* PontenTests */ = {
			isa = PBXGroup;
			children = (
				F010 /* SignatureManagerTests.swift */,
				D95262DBEF0D230B8D9EEEE7 /* ImageProcessorTests.swift */,
			);
			path = PontenTests;
			sourceTree = "<group>";
		};
		G008 /* PontenE2ETests */ = {
			isa = PBXGroup;
			children = (
				F013 /* E2ETestFixture.swift */,
				F014 /* MenuBarE2ETests.swift */,
			);
			path = PontenE2ETests;
			sourceTree = "<group>";
		};
		G009 /* Products */ = {
			isa = PBXGroup;
			children = (
				F000 /* Ponten.app */,
				F011 /* PontenTests.xctest */,
				F015 /* PontenE2ETests.xctest */,
			);
			name = Products;
			sourceTree = "<group>";
		};
/* End PBXGroup section */

/* Begin PBXNativeTarget section */
		T000 /* Ponten */ = {
			isa = PBXNativeTarget;
			buildConfigurationList = XCB000 /* Build configuration list for PBXNativeTarget "Ponten" */;
			buildPhases = (
				P001 /* Sources */,
				E001 /* Frameworks */,
				P003 /* Resources */,
			);
			buildRules = (
			);
			dependencies = (
			);
			name = Ponten;
			productName = Ponten;
			productReference = F000 /* Ponten.app */;
			productType = "com.apple.product-type.application";
		};
		T001 /* PontenTests */ = {
			isa = PBXNativeTarget;
			buildConfigurationList = XCB002 /* Build configuration list for PBXNativeTarget "PontenTests" */;
			buildPhases = (
				P004 /* Sources */,
				E002 /* Frameworks */,
			);
			buildRules = (
			);
			dependencies = (
				TD001 /* PBXTargetDependency */,
			);
			name = PontenTests;
			productName = PontenTests;
			productReference = F011 /* PontenTests.xctest */;
			productType = "com.apple.product-type.bundle.unit-test";
		};
		T002 /* PontenE2ETests */ = {
			isa = PBXNativeTarget;
			buildConfigurationList = XCB003 /* Build configuration list for PBXNativeTarget "PontenE2ETests" */;
			buildPhases = (
				P005 /* Sources */,
				E003 /* Frameworks */,
			);
			buildRules = (
			);
			dependencies = (
				TD002 /* PBXTargetDependency */,
			);
			name = PontenE2ETests;
			productName = PontenE2ETests;
			productReference = F015 /* PontenE2ETests.xctest */;
			productType = "com.apple.product-type.bundle.unit-test";
		};
/* End PBXNativeTarget section */

/* Begin PBXProject section */
		PROJ000 /* Project object */ = {
			isa = PBXProject;
			attributes = {
				BuildIndependentTargetsInParallel = 1;
				LastSwiftUpdateCheck = 1500;
				LastUpgradeCheck = 1500;
				TargetAttributes = {
					T000 = {
						CreatedOnToolsVersion = 15.0;
					};
					T001 = {
						CreatedOnToolsVersion = 15.0;
						TestTargetID = T000;
					};
					T002 = {
						CreatedOnToolsVersion = 15.0;
						TestTargetID = T000;
					};
				};
			};
			buildConfigurationList = XCB001 /* Build configuration list for PBXProject "Ponten" */;
			compatibilityVersion = "Xcode 14.0";
			developmentRegion = en;
			hasScannedForEncodings = 0;
			knownRegions = (
				en,
				Base,
			);
			mainGroup = G000;
			productRefGroup = G009 /* Products */;
			projectDirPath = "";
			projectRoot = "";
			targets = (
				T000 /* Ponten */,
				T001 /* PontenTests */,
				T002 /* PontenE2ETests */,
			);
		};
/* End PBXProject section */

/* Begin PBXResourcesBuildPhase section */
		P003 /* Resources */ = {
			isa = PBXResourcesBuildPhase;
			buildActionMask = 2147483647;
			files = (
				A007 /* Assets.xcassets in Resources */,
			);
			runOnlyForDeploymentPostprocessing = 0;
		};
/* End PBXResourcesBuildPhase section */

/* Begin PBXSourcesBuildPhase section */
		P001 /* Sources */ = {
			isa = PBXSourcesBuildPhase;
			buildActionMask = 2147483647;
			files = (
				A001 /* PontenApp.swift in Sources */,
				A002 /* AppDelegate.swift in Sources */,
				A003 /* SignatureManager.swift in Sources */,
				A004 /* MenuBarView.swift in Sources */,
				A005 /* Components.swift in Sources */,
				A006 /* EventMonitor.swift in Sources */,
				7E0E2D3B436FF382F391C3D1 /* AboutView.swift in Sources */,
				472D05B59AD328CEBC0EC3E0 /* FooterView.swift in Sources */,
				DDCAFC6F19059A9BEDA211D3 /* DrawingView.swift in Sources */,
				851DCEFE56EBE19AA75F5C54 /* HeaderView.swift in Sources */,
				1331B8C6458D4593AD8B54F3 /* EmptyStateView.swift in Sources */,
				D5EDA8B94534507A56EAE3CF /* SignatureActiveView.swift in Sources */,
				171BB0EA90A4FC55C5FD3537 /* ImageEditorView.swift in Sources */,
				C1D6B0461FDDF1E5F9E1EDB1 /* ImageProcessor.swift in Sources */,
				1120A2BBD5F5CDEF342B0263 /* GlobalShortcutManager.swift in Sources */,
				C5E489EB5810162538BA0D6C /* SignatureStore.swift in Sources */,
				A008 /* E2EMode.swift in Sources */,
			);
			runOnlyForDeploymentPostprocessing = 0;
		};
		P004 /* Sources */ = {
			isa = PBXSourcesBuildPhase;
			buildActionMask = 2147483647;
			files = (
				B001 /* SignatureManagerTests.swift in Sources */,
				6BAE60826E8D53E01F415ADE /* ImageProcessorTests.swift in Sources */,
			);
			runOnlyForDeploymentPostprocessing = 0;
		};
		P005 /* Sources */ = {
			isa = PBXSourcesBuildPhase;
			buildActionMask = 2147483647;
			files = (
				B002 /* E2ETestFixture.swift in Sources */,
				B003 /* MenuBarE2ETests.swift in Sources */,
			);
			runOnlyForDeploymentPostprocessing = 0;
		};
/* End PBXSourcesBuildPhase section */

/* Begin PBXTargetDependency section */
		TD001 /* PBXTargetDependency */ = {
			isa = PBXTargetDependency;
			target = T000 /* Ponten */;
			targetProxy = TP001 /* PBXContainerItemProxy */;
		};
		TD002 /* PBXTargetDependency */ = {
			isa = PBXTargetDependency;
			target = T000 /* Ponten */;
			targetProxy = TP002 /* PBXContainerItemProxy */;
		};
/* End PBXTargetDependency section */

/* Begin PBXContainerItemProxy section */
		TP001 /* PBXContainerItemProxy */ = {
			isa = PBXContainerItemProxy;
			containerPortal = PROJ000 /* Project object */;
			proxyType = 1;
			remoteGlobalIDString = T000;
			remoteInfo = Ponten;
		};
		TP002 /* PBXContainerItemProxy */ = {
			isa = PBXContainerItemProxy;
			containerPortal = PROJ000 /* Project object */;
			proxyType = 1;
			remoteGlobalIDString = T000;
			remoteInfo = Ponten;
		};
/* End PBXContainerItemProxy section */

/* Begin XCBuildConfiguration section */
		XCC001 /* Debug */ = {
			isa = XCBuildConfiguration;
			buildSettings = {
				ALWAYS_SEARCH_USER_PATHS = NO;
				CLANG_ANALYZER_NONNULL = YES;
				CLANG_ANALYZER_NUMBER_OBJECT_CONVERSION = YES_AGGRESSIVE;
				CLANG_CXX_LANGUAGE_STANDARD = "gnu++20";
				CLANG_ENABLE_MODULES = YES;
				CLANG_ENABLE_OBJC_ARC = YES;
				CLANG_ENABLE_OBJC_WEAK = YES;
				CLANG_WARN_BLOCK_CAPTURE_AUTORELEASING = YES;
				CLANG_WARN_BOOL_CONVERSION = YES;
				CLANG_WARN_COMMA = YES;
				CLANG_WARN_CONSTANT_CONVERSION = YES;
				CLANG_WARN_DEPRECATED_OBJC_IMPLEMENTATIONS = YES;
				CLANG_WARN_DIRECT_OBJC_ISA_USAGE = YES_ERROR;
				CLANG_WARN_DOCUMENTATION_COMMENTS = YES;
				CLANG_WARN_EMPTY_BODY = YES;
				CLANG_WARN_ENUM_CONVERSION = YES;
				CLANG_WARN_INFINITE_RECURSION = YES;
				CLANG_WARN_INT_CONVERSION = YES;
				CLANG_WARN_NON_LITERAL_NULL_CONVERSION = YES;
				CLANG_WARN_OBJC_IMPLICIT_RETAIN_SELF = YES;
				CLANG_WARN_OBJC_LITERAL_CONVERSION = YES;
				CLANG_WARN_OBJC_ROOT_CLASS = YES_ERROR;
				CLANG_WARN_RANGE_LOOP_ANALYSIS = YES;
				CLANG_WARN_STRICT_PROTOTYPES = YES;
				CLANG_WARN_SUSPICIOUS_MOVE = YES;
				CLANG_WARN_UNGUARDED_AVAILABILITY = YES_AGGRESSIVE;
				CLANG_WARN_UNREACHABLE_CODE = YES;
				CLANG_WARN__DUPLICATE_METHOD_MATCH = YES;
				COPY_PHASE_STRIP = NO;
				DEBUG_INFORMATION_FORMAT = dwarf;
				ENABLE_STRICT_OBJC_MSGSEND = YES;
				ENABLE_TESTABILITY = YES;
				GCC_C_LANGUAGE_STANDARD = gnu17;
				GCC_DYNAMIC_NO_PIC = NO;
				GCC_NO_COMMON_BLOCKS = YES;
				GCC_OPTIMIZATION_LEVEL = 0;
				GCC_PREPROCESSOR_DEFINITIONS = (
					"DEBUG=1",
					"$(inherited)",
				);
				GCC_WARN_64_TO_32_BIT_CONVERSION = YES;
				GCC_WARN_ABOUT_RETURN_TYPE = YES_ERROR;
				GCC_WARN_UNDECLARED_SELECTOR = YES;
				GCC_WARN_UNINITIALIZED_AUTOS = YES_AGGRESSIVE;
				GCC_WARN_UNUSED_FUNCTION = YES;
				GCC_WARN_UNUSED_VARIABLE = YES;
				MACOSX_DEPLOYMENT_TARGET = 13.0;
				MTL_ENABLE_DEBUG_INFO = INCLUDE_SOURCE;
				MTL_FAST_MATH = YES;
				ONLY_ACTIVE_ARCH = YES;
				SDKROOT = macosx;
				SWIFT_ACTIVE_COMPILATION_CONDITIONS = DEBUG;
				SWIFT_OPTIMIZATION_LEVEL = "-Onone";
			};
			name = Debug;
		};
		XCC002 /* Release */ = {
			isa = XCBuildConfiguration;
			buildSettings = {
				ALWAYS_SEARCH_USER_PATHS = NO;
				CLANG_ANALYZER_NONNULL = YES;
				CLANG_ANALYZER_NUMBER_OBJECT_CONVERSION = YES_AGGRESSIVE;
				CLANG_CXX_LANGUAGE_STANDARD = "gnu++20";
				CLANG_ENABLE_MODULES = YES;
				CLANG_ENABLE_OBJC_ARC = YES;
				CLANG_ENABLE_OBJC_WEAK = YES;
				COPY_PHASE_STRIP = NO;
				DEBUG_INFORMATION_FORMAT = "dwarf-with-dsym";
				ENABLE_NS_ASSERTIONS = NO;
				ENABLE_STRICT_OBJC_MSGSEND = YES;
				GCC_C_LANGUAGE_STANDARD = gnu17;
				GCC_NO_COMMON_BLOCKS = YES;
				GCC_WARN_64_TO_32_BIT_CONVERSION = YES;
				GCC_WARN_ABOUT_RETURN_TYPE = YES_ERROR;
				GCC_WARN_UNDECLARED_SELECTOR = YES;
				GCC_WARN_UNINITIALIZED_AUTOS = YES_AGGRESSIVE;
				GCC_WARN_UNUSED_FUNCTION = YES;
				GCC_WARN_UNUSED_VARIABLE = YES;
				MACOSX_DEPLOYMENT_TARGET = 13.0;
				MTL_FAST_MATH = YES;
				SDKROOT = macosx;
				SWIFT_COMPILATION_MODE = wholemodule;
				SWIFT_OPTIMIZATION_LEVEL = "-O";
			};
			name = Release;
		};
		XCC003 /* Debug */ = {
			isa = XCBuildConfiguration;
			buildSettings = {
				ASSETCATALOG_COMPILER_APPICON_NAME = AppIcon;
				ASSETCATALOG_COMPILER_GLOBAL_ACCENT_COLOR_NAME = AccentColor;
				CODE_SIGN_ENTITLEMENTS = Ponten/Ponten.entitlements;
				CODE_SIGN_STYLE = Automatic;
				COMBINE_HIDPI_IMAGES = YES;
				CURRENT_PROJECT_VERSION = 1;
				GENERATE_INFOPLIST_FILE = NO;
				INFOPLIST_FILE = Ponten/Resources/Info.plist;
				INFOPLIST_KEY_NSHumanReadableCopyright = "Copyright © 2024 Ponten Contributors. MIT License.";
				LD_RUNPATH_SEARCH_PATHS = (
					"$(inherited)",
					"@executable_path/../Frameworks",
				);
				MARKETING_VERSION = 1.2.12;
				PRODUCT_BUNDLE_IDENTIFIER = com.ponten.app;
				PRODUCT_NAME = Ponten;
				SWIFT_EMIT_LOC_STRINGS = YES;
				SWIFT_VERSION = 5.9;
			};
			name = Debug;
		};
		XCC004 /* Release */ = {
			isa = XCBuildConfiguration;
			buildSettings = {
				ASSETCATALOG_COMPILER_APPICON_NAME = AppIcon;
				ASSETCATALOG_COMPILER_GLOBAL_ACCENT_COLOR_NAME = AccentColor;
				CODE_SIGN_ENTITLEMENTS = Ponten/Ponten.entitlements;
				CODE_SIGN_STYLE = Automatic;
				COMBINE_HIDPI_IMAGES = YES;
				CURRENT_PROJECT_VERSION = 1;
				GENERATE_INFOPLIST_FILE = NO;
				INFOPLIST_FILE = Ponten/Resources/Info.plist;
				INFOPLIST_KEY_NSHumanReadableCopyright = "Copyright © 2024 Ponten Contributors. MIT License.";
				LD_RUNPATH_SEARCH_PATHS = (
					"$(inherited)",
					"@executable_path/../Frameworks",
				);
				MARKETING_VERSION = 1.2.12;
				PRODUCT_BUNDLE_IDENTIFIER = com.ponten.app;
				PRODUCT_NAME = Ponten;
				SWIFT_EMIT_LOC_STRINGS = YES;
				SWIFT_VERSION = 5.9;
			};
			name = Release;
		};
		XCC005 /* Debug */ = {
			isa = XCBuildConfiguration;
			buildSettings = {
				BUNDLE_LOADER = "$(TEST_HOST)";
				CODE_SIGN_STYLE = Automatic;
				CURRENT_PROJECT_VERSION = 1;
				GENERATE_INFOPLIST_FILE = YES;
				MACOSX_DEPLOYMENT_TARGET = 13.0;
				MARKETING_VERSION = 1.2.12;
				PRODUCT_BUNDLE_IDENTIFIER = com.ponten.app.tests;
				PRODUCT_NAME = PontenTests;
				SDKROOT = macosx;
				SWIFT_VERSION = 5.9;
				TEST_HOST = "$(BUILT_PRODUCTS_DIR)/Ponten.app/Contents/MacOS/Ponten";
			};
			name = Debug;
		};
		XCC006 /* Release */ = {
			isa = XCBuildConfiguration;
			buildSettings = {
				BUNDLE_LOADER = "$(TEST_HOST)";
				CODE_SIGN_STYLE = Automatic;
				CURRENT_PROJECT_VERSION = 1;
				GENERATE_INFOPLIST_FILE = YES;
				MACOSX_DEPLOYMENT_TARGET = 13.0;
				MARKETING_VERSION = 1.2.12;
				PRODUCT_BUNDLE_IDENTIFIER = com.ponten.app.tests;
				PRODUCT_NAME = PontenTests;
				SDKROOT = macosx;
				SWIFT_VERSION = 5.9;
				TEST_HOST = "$(BUILT_PRODUCTS_DIR)/Ponten.app/Contents/MacOS/Ponten";
			};
			name = Release;
		};
		XCC007 /* Debug */ = {
			isa = XCBuildConfiguration;
			buildSettings = {
				CODE_SIGN_STYLE = Automatic;
				CURRENT_PROJECT_VERSION = 1;
				GENERATE_INFOPLIST_FILE = YES;
				MACOSX_DEPLOYMENT_TARGET = 13.0;
				MARKETING_VERSION = 1.2.12;
				PRODUCT_BUNDLE_IDENTIFIER = com.ponten.app.e2etests;
				PRODUCT_NAME = PontenE2ETests;
				SDKROOT = macosx;
				SWIFT_VERSION = 5.9;
			};
			name = Debug;
		};
		XCC008 /* Release */ = {
			isa = XCBuildConfiguration;
			buildSettings = {
				CODE_SIGN_STYLE = Automatic;
				CURRENT_PROJECT_VERSION = 1;
				GENERATE_INFOPLIST_FILE = YES;
				MACOSX_DEPLOYMENT_TARGET = 13.0;
				MARKETING_VERSION = 1.2.12;
				PRODUCT_BUNDLE_IDENTIFIER = com.ponten.app.e2etests;
				PRODUCT_NAME = PontenE2ETests;
				SDKROOT = macosx;
				SWIFT_VERSION = 5.9;
			};
			name = Release;
		};
/* End XCBuildConfiguration section */

/* Begin XCConfigurationList section */
		XCB000 /* Build configuration list for PBXNativeTarget "Ponten" */ = {
			isa = XCConfigurationList;
			buildConfigurations = (
				XCC003 /* Debug */,
				XCC004 /* Release */,
			);
			defaultConfigurationIsVisible = 0;
			defaultConfigurationName = Release;
		};
		XCB001 /* Build configuration list for PBXProject "Ponten" */ = {
			isa = XCConfigurationList;
			buildConfigurations = (
				XCC001 /* Debug */,
				XCC002 /* Release */,
			);
			defaultConfigurationIsVisible = 0;
			defaultConfigurationName = Release;
		};
		XCB002 /* Build configuration list for PBXNativeTarget "PontenTests" */ = {
			isa = XCConfigurationList;
			buildConfigurations = (
				XCC005 /* Debug */,
				XCC006 /* Release */,
			);
			defaultConfigurationIsVisible = 0;
			defaultConfigurationName = Release;
		};
		XCB003 /* Build configuration list for PBXNativeTarget "PontenE2ETests" */ = {
			isa = XCConfigurationList;
			buildConfigurations = (
				XCC007 /* Debug */,
				XCC008 /* Release */,
			);
			defaultConfigurationIsVisible = 0;
			defaultConfigurationName = Release;
		};
/* End XCConfigurationList section */
	};
	rootObject = PROJ000 /* Project object */;
}
